// !$*UTF8*$!
{
	archiveVersion = 1;
	classes = {
	};
	objectVersion = 46;
	objects = {

/* Begin PBXBuildFile section */
		5573482B1D2D593F00229E1C /* main.m in Sources */ = {isa = PBXBuildFile; fileRef = 5573482A1D2D593F00229E1C /* main.m */; };
		5573482E1D2D593F00229E1C /* AppDelegate.m in Sources */ = {isa = PBXBuildFile; fileRef = 5573482D1D2D593F00229E1C /* AppDelegate.m */; };
		557348311D2D593F00229E1C /* ViewController.m in Sources */ = {isa = PBXBuildFile; fileRef = 557348301D2D593F00229E1C /* ViewController.m */; };
		557348341D2D593F00229E1C /* Main.storyboard in Resources */ = {isa = PBXBuildFile; fileRef = 557348321D2D593F00229E1C /* Main.storyboard */; };
		557348361D2D593F00229E1C /* Assets.xcassets in Resources */ = {isa = PBXBuildFile; fileRef = 557348351D2D593F00229E1C /* Assets.xcassets */; };
		557348391D2D593F00229E1C /* LaunchScreen.storyboard in Resources */ = {isa = PBXBuildFile; fileRef = 557348371D2D593F00229E1C /* LaunchScreen.storyboard */; };
		557348421D2D5A6300229E1C /* Test.swift in Sources */ = {isa = PBXBuildFile; fileRef = 557348411D2D5A6300229E1C /* Test.swift */; };
		557348441D2D89D100229E1C /* Test2.swift in Sources */ = {isa = PBXBuildFile; fileRef = 557348431D2D89D100229E1C /* Test2.swift */; };
		557348461D2D98FA00229E1C /* Test3.swift in Sources */ = {isa = PBXBuildFile; fileRef = 557348451D2D98FA00229E1C /* Test3.swift */; };
		557348481D2DA40900229E1C /* Test4.swift in Sources */ = {isa = PBXBuildFile; fileRef = 557348471D2DA40900229E1C /* Test4.swift */; };
		5573484A1D2DABC900229E1C /* Test5.swift in Sources */ = {isa = PBXBuildFile; fileRef = 557348491D2DABC900229E1C /* Test5.swift */; };
		5573484C1D2DBB6300229E1C /* Test6.swift in Sources */ = {isa = PBXBuildFile; fileRef = 5573484B1D2DBB6300229E1C /* Test6.swift */; };
		A98BBA837951C3268CC3CF6A /* Pods_TestFutures.framework in Frameworks */ = {isa = PBXBuildFile; fileRef = A0296AAD2A7DA077AB576991 /* Pods_TestFutures.framework */; };
/* End PBXBuildFile section */

/* Begin PBXFileReference section */
		22CF4AD878E95AF3513F1E0C /* Pods-TestFutures.release.xcconfig */ = {isa = PBXFileReference; includeInIndex = 1; lastKnownFileType = text.xcconfig; name = "Pods-TestFutures.release.xcconfig"; path = "Pods/Target Support Files/Pods-TestFutures/Pods-TestFutures.release.xcconfig"; sourceTree = "<group>"; };
		47AEB84B76729A3BB49639A8 /* Pods-TestFutures.debug.xcconfig */ = {isa = PBXFileReference; includeInIndex = 1; lastKnownFileType = text.xcconfig; name = "Pods-TestFutures.debug.xcconfig"; path = "Pods/Target Support Files/Pods-TestFutures/Pods-TestFutures.debug.xcconfig"; sourceTree = "<group>"; };
		557348261D2D593F00229E1C /* TestFutures.app */ = {isa = PBXFileReference; explicitFileType = wrapper.application; includeInIndex = 0; path = TestFutures.app; sourceTree = BUILT_PRODUCTS_DIR; };
		5573482A1D2D593F00229E1C /* main.m */ = {isa = PBXFileReference; lastKnownFileType = sourcecode.c.objc; path = main.m; sourceTree = "<group>"; };
		5573482C1D2D593F00229E1C /* AppDelegate.h */ = {isa = PBXFileReference; lastKnownFileType = sourcecode.c.h; path = AppDelegate.h; sourceTree = "<group>"; };
		5573482D1D2D593F00229E1C /* AppDelegate.m */ = {isa = PBXFileReference; lastKnownFileType = sourcecode.c.objc; path = AppDelegate.m; sourceTree = "<group>"; };
		5573482F1D2D593F00229E1C /* ViewController.h */ = {isa = PBXFileReference; lastKnownFileType = sourcecode.c.h; path = ViewController.h; sourceTree = "<group>"; };
		557348301D2D593F00229E1C /* ViewController.m */ = {isa = PBXFileReference; lastKnownFileType = sourcecode.c.objc; path = ViewController.m; sourceTree = "<group>"; };
		557348331D2D593F00229E1C /* Base */ = {isa = PBXFileReference; lastKnownFileType = file.storyboard; name = Base; path = Base.lproj/Main.storyboard; sourceTree = "<group>"; };
		557348351D2D593F00229E1C /* Assets.xcassets */ = {isa = PBXFileReference; lastKnownFileType = folder.assetcatalog; path = Assets.xcassets; sourceTree = "<group>"; };
		557348381D2D593F00229E1C /* Base */ = {isa = PBXFileReference; lastKnownFileType = file.storyboard; name = Base; path = Base.lproj/LaunchScreen.storyboard; sourceTree = "<group>"; };
		5573483A1D2D593F00229E1C /* Info.plist */ = {isa = PBXFileReference; lastKnownFileType = text.plist.xml; path = Info.plist; sourceTree = "<group>"; };
		557348401D2D5A6300229E1C /* TestFutures-Bridging-Header.h */ = {isa = PBXFileReference; lastKnownFileType = sourcecode.c.h; name = "TestFutures-Bridging-Header.h"; path = "TestFutures/TestFutures-Bridging-Header.h"; sourceTree = "<group>"; };
		557348411D2D5A6300229E1C /* Test.swift */ = {isa = PBXFileReference; fileEncoding = 4; lastKnownFileType = sourcecode.swift; path = Test.swift; sourceTree = "<group>"; };
		557348431D2D89D100229E1C /* Test2.swift */ = {isa = PBXFileReference; fileEncoding = 4; lastKnownFileType = sourcecode.swift; path = Test2.swift; sourceTree = "<group>"; };
		557348451D2D98FA00229E1C /* Test3.swift */ = {isa = PBXFileReference; fileEncoding = 4; lastKnownFileType = sourcecode.swift; path = Test3.swift; sourceTree = "<group>"; };
		557348471D2DA40900229E1C /* Test4.swift */ = {isa = PBXFileReference; fileEncoding = 4; lastKnownFileType = sourcecode.swift; path = Test4.swift; sourceTree = "<group>"; };
		557348491D2DABC900229E1C /* Test5.swift */ = {isa = PBXFileReference; fileEncoding = 4; lastKnownFileType = sourcecode.swift; path = Test5.swift; sourceTree = "<group>"; };
		5573484B1D2DBB6300229E1C /* Test6.swift */ = {isa = PBXFileReference; fileEncoding = 4; lastKnownFileType = sourcecode.swift; path = Test6.swift; sourceTree = "<group>"; };
		A0296AAD2A7DA077AB576991 /* Pods_TestFutures.framework */ = {isa = PBXFileReference; explicitFileType = wrapper.framework; includeInIndex = 0; path = Pods_TestFutures.framework; sourceTree = BUILT_PRODUCTS_DIR; };
/* End PBXFileReference section */

/* Begin PBXFrameworksBuildPhase section */
		557348231D2D593F00229E1C /* Frameworks */ = {
			isa = PBXFrameworksBuildPhase;
			buildActionMask = 2147483647;
			files = (
				A98BBA837951C3268CC3CF6A /* Pods_TestFutures.framework in Frameworks */,
			);
			runOnlyForDeploymentPostprocessing = 0;
		};
/* End PBXFrameworksBuildPhase section */

/* Begin PBXGroup section */
		3969576512ADCDB83B2EEA77 /* Frameworks */ = {
			isa = PBXGroup;
			children = (
				A0296AAD2A7DA077AB576991 /* Pods_TestFutures.framework */,
			);
			name = Frameworks;
			sourceTree = "<group>";
		};
		5573481D1D2D593E00229E1C = {
			isa = PBXGroup;
			children = (
				557348401D2D5A6300229E1C /* TestFutures-Bridging-Header.h */,
				557348281D2D593F00229E1C /* TestFutures */,
				557348271D2D593F00229E1C /* Products */,
				CF17671ED4442E89587967A8 /* Pods */,
				3969576512ADCDB83B2EEA77 /* Frameworks */,
			);
			sourceTree = "<group>";
		};
		557348271D2D593F00229E1C /* Products */ = {
			isa = PBXGroup;
			children = (
				557348261D2D593F00229E1C /* TestFutures.app */,
			);
			name = Products;
			sourceTree = "<group>";
		};
		557348281D2D593F00229E1C /* TestFutures */ = {
			isa = PBXGroup;
			children = (
				5573482C1D2D593F00229E1C /* AppDelegate.h */,
				5573482D1D2D593F00229E1C /* AppDelegate.m */,
				5573482F1D2D593F00229E1C /* ViewController.h */,
				557348301D2D593F00229E1C /* ViewController.m */,
				557348411D2D5A6300229E1C /* Test.swift */,
				557348431D2D89D100229E1C /* Test2.swift */,
				557348451D2D98FA00229E1C /* Test3.swift */,
				557348471D2DA40900229E1C /* Test4.swift */,
				557348491D2DABC900229E1C /* Test5.swift */,
				5573484B1D2DBB6300229E1C /* Test6.swift */,
				557348321D2D593F00229E1C /* Main.storyboard */,
				557348351D2D593F00229E1C /* Assets.xcassets */,
				557348371D2D593F00229E1C /* LaunchScreen.storyboard */,
				5573483A1D2D593F00229E1C /* Info.plist */,
				557348291D2D593F00229E1C /* Supporting Files */,
			);
			path = TestFutures;
			sourceTree = "<group>";
		};
		557348291D2D593F00229E1C /* Supporting Files */ = {
			isa = PBXGroup;
			children = (
				5573482A1D2D593F00229E1C /* main.m */,
			);
			name = "Supporting Files";
			sourceTree = "<group>";
		};
		CF17671ED4442E89587967A8 /* Pods */ = {
			isa = PBXGroup;
			children = (
				47AEB84B76729A3BB49639A8 /* Pods-TestFutures.debug.xcconfig */,
				22CF4AD878E95AF3513F1E0C /* Pods-TestFutures.release.xcconfig */,
			);
			name = Pods;
			sourceTree = "<group>";
		};
/* End PBXGroup section */

/* Begin PBXNativeTarget section */
		557348251D2D593F00229E1C /* TestFutures */ = {
			isa = PBXNativeTarget;
			buildConfigurationList = 5573483D1D2D593F00229E1C /* Build configuration list for PBXNativeTarget "TestFutures" */;
			buildPhases = (
				14EEC7674F080768864889FA /* [CP] Check Pods Manifest.lock */,
				557348221D2D593F00229E1C /* Sources */,
				557348231D2D593F00229E1C /* Frameworks */,
				557348241D2D593F00229E1C /* Resources */,
				E33B82C4024BB5E5FC35D84F /* [CP] Embed Pods Frameworks */,
				8FEB85B8C9E6682C8CDB024F /* [CP] Copy Pods Resources */,
			);
			buildRules = (
			);
			dependencies = (
			);
			name = TestFutures;
			productName = TestFutures;
			productReference = 557348261D2D593F00229E1C /* TestFutures.app */;
			productType = "com.apple.product-type.application";
		};
/* End PBXNativeTarget section */

/* Begin PBXProject section */
		5573481E1D2D593E00229E1C /* Project object */ = {
			isa = PBXProject;
			attributes = {
				LastUpgradeCheck = 0730;
				ORGANIZATIONNAME = "Chris Prince";
				TargetAttributes = {
					557348251D2D593F00229E1C = {
						CreatedOnToolsVersion = 7.3.1;
					};
				};
			};
			buildConfigurationList = 557348211D2D593E00229E1C /* Build configuration list for PBXProject "TestFutures" */;
			compatibilityVersion = "Xcode 3.2";
			developmentRegion = English;
			hasScannedForEncodings = 0;
			knownRegions = (
				en,
				Base,
			);
			mainGroup = 5573481D1D2D593E00229E1C;
			productRefGroup = 557348271D2D593F00229E1C /* Products */;
			projectDirPath = "";
			projectRoot = "";
			targets = (
				557348251D2D593F00229E1C /* TestFutures */,
			);
		};
/* End PBXProject section */

/* Begin PBXResourcesBuildPhase section */
		557348241D2D593F00229E1C /* Resources */ = {
			isa = PBXResourcesBuildPhase;
			buildActionMask = 2147483647;
			files = (
				557348391D2D593F00229E1C /* LaunchScreen.storyboard in Resources */,
				557348361D2D593F00229E1C /* Assets.xcassets in Resources */,
				557348341D2D593F00229E1C /* Main.storyboard in Resources */,
			);
			runOnlyForDeploymentPostprocessing = 0;
		};
/* End PBXResourcesBuildPhase section */

/* Begin PBXShellScriptBuildPhase section */
		14EEC7674F080768864889FA /* [CP] Check Pods Manifest.lock */ = {
			isa = PBXShellScriptBuildPhase;
			buildActionMask = 2147483647;
			files = (
			);
			inputPaths = (
			);
			name = "[CP] Check Pods Manifest.lock";
			outputPaths = (
			);
			runOnlyForDeploymentPostprocessing = 0;
			shellPath = /bin/sh;
			shellScript = "diff \"${PODS_ROOT}/../Podfile.lock\" \"${PODS_ROOT}/Manifest.lock\" > /dev/null\nif [[ $? != 0 ]] ; then\n    cat << EOM\nerror: The sandbox is not in sync with the Podfile.lock. Run 'pod install' or update your CocoaPods installation.\nEOM\n    exit 1\nfi\n";
			showEnvVarsInLog = 0;
		};
		8FEB85B8C9E6682C8CDB024F /* [CP] Copy Pods Resources */ = {
			isa = PBXShellScriptBuildPhase;
			buildActionMask = 2147483647;
			files = (
			);
			inputPaths = (
			);
			name = "[CP] Copy Pods Resources";
			outputPaths = (
			);
			runOnlyForDeploymentPostprocessing = 0;
			shellPath = /bin/sh;
			shellScript = "\"${SRCROOT}/Pods/Target Support Files/Pods-TestFutures/Pods-TestFutures-resources.sh\"\n";
			showEnvVarsInLog = 0;
		};
		E33B82C4024BB5E5FC35D84F /* [CP] Embed Pods Frameworks */ = {
			isa = PBXShellScriptBuildPhase;
			buildActionMask = 2147483647;
			files = (
			);
			inputPaths = (
			);
			name = "[CP] Embed Pods Frameworks";
			outputPaths = (
			);
			runOnlyForDeploymentPostprocessing = 0;
			shellPath = /bin/sh;
			shellScript = "\"${SRCROOT}/Pods/Target Support Files/Pods-TestFutures/Pods-TestFutures-frameworks.sh\"\n";
			showEnvVarsInLog = 0;
		};
/* End PBXShellScriptBuildPhase section */

/* Begin PBXSourcesBuildPhase section */
		557348221D2D593F00229E1C /* Sources */ = {
			isa = PBXSourcesBuildPhase;
			buildActionMask = 2147483647;
			files = (
				5573484C1D2DBB6300229E1C /* Test6.swift in Sources */,
				557348311D2D593F00229E1C /* ViewController.m in Sources */,
				557348421D2D5A6300229E1C /* Test.swift in Sources */,
				5573482E1D2D593F00229E1C /* AppDelegate.m in Sources */,
				5573484A1D2DABC900229E1C /* Test5.swift in Sources */,
				557348461D2D98FA00229E1C /* Test3.swift in Sources */,
				557348481D2DA40900229E1C /* Test4.swift in Sources */,
				557348441D2D89D100229E1C /* Test2.swift in Sources */,
				5573482B1D2D593F00229E1C /* main.m in Sources */,
			);
			runOnlyForDeploymentPostprocessing = 0;
		};
/* End PBXSourcesBuildPhase section */

/* Begin PBXVariantGroup section */
		557348321D2D593F00229E1C /* Main.storyboard */ = {
			isa = PBXVariantGroup;
			children = (
				557348331D2D593F00229E1C /* Base */,
			);
			name = Main.storyboard;
			sourceTree = "<group>";
		};
		557348371D2D593F00229E1C /* LaunchScreen.storyboard */ = {
			isa = PBXVariantGroup;
			children = (
				557348381D2D593F00229E1C /* Base */,
			);
			name = LaunchScreen.storyboard;
			sourceTree = "<group>";
		};
/* End PBXVariantGroup section */

/* Begin XCBuildConfiguration section */
		5573483B1D2D593F00229E1C /* Debug */ = {
			isa = XCBuildConfiguration;
			buildSettings = {
				ALWAYS_SEARCH_USER_PATHS = NO;
				CLANG_ANALYZER_NONNULL = YES;
				CLANG_CXX_LANGUAGE_STANDARD = "gnu++0x";
				CLANG_CXX_LIBRARY = "libc++";
				CLANG_ENABLE_MODULES = YES;
				CLANG_ENABLE_OBJC_ARC = YES;
				CLANG_WARN_BOOL_CONVERSION = YES;
				CLANG_WARN_CONSTANT_CONVERSION = YES;
				CLANG_WARN_DIRECT_OBJC_ISA_USAGE = YES_ERROR;
				CLANG_WARN_EMPTY_BODY = YES;
				CLANG_WARN_ENUM_CONVERSION = YES;
				CLANG_WARN_INT_CONVERSION = YES;
				CLANG_WARN_OBJC_ROOT_CLASS = YES_ERROR;
				CLANG_WARN_UNREACHABLE_CODE = YES;
				CLANG_WARN__DUPLICATE_METHOD_MATCH = YES;
				"CODE_SIGN_IDENTITY[sdk=iphoneos*]" = "iPhone Developer";
				COPY_PHASE_STRIP = NO;
				DEBUG_INFORMATION_FORMAT = dwarf;
				ENABLE_STRICT_OBJC_MSGSEND = YES;
				ENABLE_TESTABILITY = YES;
				GCC_C_LANGUAGE_STANDARD = gnu99;
				GCC_DYNAMIC_NO_PIC = NO;
				GCC_NO_COMMON_BLOCKS = YES;
				GCC_OPTIMIZATION_LEVEL = 0;
				GCC_PREPROCESSOR_DEFINITIONS = (
					"DEBUG=1",
					"$(inherited)",
				);
				GCC_WARN_64_TO_32_BIT_CONVERSION = YES;
				GCC_WARN_ABOUT_RETURN_TYPE = YES_ERROR;
				GCC_WARN_UNDECLARED_SELECTOR = YES;
				GCC_WARN_UNINITIALIZED_AUTOS = YES_AGGRESSIVE;
				GCC_WARN_UNUSED_FUNCTION = YES;
				GCC_WARN_UNUSED_VARIABLE = YES;
				IPHONEOS_DEPLOYMENT_TARGET = 9.3;
				MTL_ENABLE_DEBUG_INFO = YES;
				ONLY_ACTIVE_ARCH = YES;
				SDKROOT = iphoneos;
			};
			name = Debug;
		};
		5573483C1D2D593F00229E1C /* Release */ = {
			isa = XCBuildConfiguration;
			buildSettings = {
				ALWAYS_SEARCH_USER_PATHS = NO;
				CLANG_ANALYZER_NONNULL = YES;
				CLANG_CXX_LANGUAGE_STANDARD = "gnu++0x";
				CLANG_CXX_LIBRARY = "libc++";
				CLANG_ENABLE_MODULES = YES;
				CLANG_ENABLE_OBJC_ARC = YES;
				CLANG_WARN_BOOL_CONVERSION = YES;
				CLANG_WARN_CONSTANT_CONVERSION = YES;
				CLANG_WARN_DIRECT_OBJC_ISA_USAGE = YES_ERROR;
				CLANG_WARN_EMPTY_BODY = YES;
				CLANG_WARN_ENUM_CONVERSION = YES;
				CLANG_WARN_INT_CONVERSION = YES;
				CLANG_WARN_OBJC_ROOT_CLASS = YES_ERROR;
				CLANG_WARN_UNREACHABLE_CODE = YES;
				CLANG_WARN__DUPLICATE_METHOD_MATCH = YES;
				"CODE_SIGN_IDENTITY[sdk=iphoneos*]" = "iPhone Developer";
				COPY_PHASE_STRIP = NO;
				DEBUG_INFORMATION_FORMAT = "dwarf-with-dsym";
				ENABLE_NS_ASSERTIONS = NO;
				ENABLE_STRICT_OBJC_MSGSEND = YES;
				GCC_C_LANGUAGE_STANDARD = gnu99;
				GCC_NO_COMMON_BLOCKS = YES;
				GCC_WARN_64_TO_32_BIT_CONVERSION = YES;
				GCC_WARN_ABOUT_RETURN_TYPE = YES_ERROR;
				GCC_WARN_UNDECLARED_SELECTOR = YES;
				GCC_WARN_UNINITIALIZED_AUTOS = YES_AGGRESSIVE;
				GCC_WARN_UNUSED_FUNCTION = YES;
				GCC_WARN_UNUSED_VARIABLE = YES;
				IPHONEOS_DEPLOYMENT_TARGET = 9.3;
				MTL_ENABLE_DEBUG_INFO = NO;
				SDKROOT = iphoneos;
				VALIDATE_PRODUCT = YES;
			};
			name = Release;
		};
		5573483E1D2D593F00229E1C /* Debug */ = {
			isa = XCBuildConfiguration;
			baseConfigurationReference = 47AEB84B76729A3BB49639A8 /* Pods-TestFutures.debug.xcconfig */;
			buildSettings = {
				ASSETCATALOG_COMPILER_APPICON_NAME = AppIcon;
				CLANG_ENABLE_MODULES = YES;
				INFOPLIST_FILE = TestFutures/Info.plist;
				LD_RUNPATH_SEARCH_PATHS = "$(inherited) @executable_path/Frameworks";
				PRODUCT_BUNDLE_IDENTIFIER = com.AngiesList.TestFutures;
				PRODUCT_NAME = "$(TARGET_NAME)";
				SWIFT_OBJC_BRIDGING_HEADER = "TestFutures/TestFutures-Bridging-Header.h";
				SWIFT_OPTIMIZATION_LEVEL = "-Onone";
			};
			name = Debug;
		};
		5573483F1D2D593F00229E1C /* Release */ = {
			isa = XCBuildConfiguration;
			baseConfigurationReference = 22CF4AD878E95AF3513F1E0C /* Pods-TestFutures.release.xcconfig */;
			buildSettings = {
				ASSETCATALOG_COMPILER_APPICON_NAME = AppIcon;
				CLANG_ENABLE_MODULES = YES;
				INFOPLIST_FILE = TestFutures/Info.plist;
				LD_RUNPATH_SEARCH_PATHS = "$(inherited) @executable_path/Frameworks";
				PRODUCT_BUNDLE_IDENTIFIER = com.AngiesList.TestFutures;
				PRODUCT_NAME = "$(TARGET_NAME)";
				SWIFT_OBJC_BRIDGING_HEADER = "TestFutures/TestFutures-Bridging-Header.h";
			};
			name = Release;
		};
/* End XCBuildConfiguration section */

/* Begin XCConfigurationList section */
		557348211D2D593E00229E1C /* Build configuration list for PBXProject "TestFutures" */ = {
			isa = XCConfigurationList;
			buildConfigurations = (
				5573483B1D2D593F00229E1C /* Debug */,
				5573483C1D2D593F00229E1C /* Release */,
			);
			defaultConfigurationIsVisible = 0;
			defaultConfigurationName = Release;
		};
		5573483D1D2D593F00229E1C /* Build configuration list for PBXNativeTarget "TestFutures" */ = {
			isa = XCConfigurationList;
			buildConfigurations = (
				5573483E1D2D593F00229E1C /* Debug */,
				5573483F1D2D593F00229E1C /* Release */,
			);
			defaultConfigurationIsVisible = 0;
			defaultConfigurationName = Release;
		};
/* End XCConfigurationList section */
	};
	rootObject = 5573481E1D2D593E00229E1C /* Project object */;
}
